{
  "name": "@shmuggingface/core",
  "version": "1.0.0",
  "lockfileVersion": 3,
  "requires": true,
  "packages": {
    "": {
      "name": "@shmuggingface/core",
      "version": "1.0.0",
      "license": "MIT",
      "bin": {
        "shmuggingface": "bin/shmuggingface.mjs"
      },
      "devDependencies": {},
      "engines": {
        "node": ">=20"
      }
    }
  }
}
